Microsoft Visual Studio Solution File, Format Version 12.00
# Visual Studio Version 17
VisualStudioVersion = 17.0.31903.59
MinimumVisualStudioVersion = 10.0.40219.1
Project("{FAE04EC0-301F-11D3-BF4B-00C04F79EFBC}") = "ClothesShop.WinForms", "ClothesShop.WinForms\ClothesShop.WinForms.csproj", "{C44D42B0-02C5-430D-B446-CD4312CE71BB}"
EndProject
Project("{FAE04EC0-301F-11D3-BF4B-00C04F79EFBC}") = "ClothesShop.DAL", "ClothesShop.DAL\ClothesShop.DAL.csproj", "{4FA2D469-65F9-411B-A706-538D4AA5FE92}"
EndProject
Project("{FAE04EC0-301F-11D3-BF4B-00C04F79EFBC}") = "ClothesShop.BLL", "ClothesShop.BLL\ClothesShop.BLL.csproj", "{2DA3E090-3D06-4444-A619-BF4DC2512F43}"
EndProject
Global
	GlobalSection(SolutionConfigurationPlatforms) = preSolution
		Debug|Any CPU = Debug|Any CPU
		Release|Any CPU = Release|Any CPU
	EndGlobalSection
	GlobalSection(ProjectConfigurationPlatforms) = postSolution
		{C44D42B0-02C5-430D-B446-CD4312CE71BB}.Debug|Any CPU.ActiveCfg = Debug|Any CPU
		{C44D42B0-02C5-430D-B446-CD4312CE71BB}.Debug|Any CPU.Build.0 = Debug|Any CPU
		{C44D42B0-02C5-430D-B446-CD4312CE71BB}.Release|Any CPU.ActiveCfg = Release|Any CPU
		{C44D42B0-02C5-430D-B446-CD4312CE71BB}.Release|Any CPU.Build.0 = Release|Any CPU
		{4FA2D469-65F9-411B-A706-538D4AA5FE92}.Debug|Any CPU.ActiveCfg = Debug|Any CPU
		{4FA2D469-65F9-411B-A706-538D4AA5FE92}.Debug|Any CPU.Build.0 = Debug|Any CPU
		{4FA2D469-65F9-411B-A706-538D4AA5FE92}.Release|Any CPU.ActiveCfg = Release|Any CPU
		{4FA2D469-65F9-411B-A706-538D4AA5FE92}.Release|Any CPU.Build.0 = Release|Any CPU
		{2DA3E090-3D06-4444-A619-BF4DC2512F43}.Debug|Any CPU.ActiveCfg = Debug|Any CPU
		{2DA3E090-3D06-4444-A619-BF4DC2512F43}.Debug|Any CPU.Build.0 = Debug|Any CPU
		{2DA3E090-3D06-4444-A619-BF4DC2512F43}.Release|Any CPU.ActiveCfg = Release|Any CPU
		{2DA3E090-3D06-4444-A619-BF4DC2512F43}.Release|Any CPU.Build.0 = Release|Any CPU
	EndGlobalSection
	GlobalSection(SolutionProperties) = preSolution
		HideSolutionNode = FALSE
	EndGlobalSection
EndGlobal
